PODS:
  - Flutter (1.0.0)
  - local_storage (0.0.1):
    - Flutter

DEPENDENCIES:
  - Flutter (from `Flutter`)
  - local_storage (from `.symlinks/plugins/local_storage/ios`)

EXTERNAL SOURCES:
  Flutter:
    :path: Flutter
  local_storage:
    :path: ".symlinks/plugins/local_storage/ios"

SPEC CHECKSUMS:
  Flutter: 0e3d915762c693b495b44d77113d4970485de6ec
  local_storage: 707da43d25af86c55ab2eec5cc46970bb2c9b63a

PODFILE CHECKSUM: c34e2287a9ccaa606aeceab922830efb9a6ff69a

COCOAPODS: 1.8.4
